{
    "_readme": [
        "This file locks the dependencies of your project to a known state",
        "Read more about it at https://getcomposer.org/doc/01-basic-usage.md#installing-dependencies",
        "This file is @generated automatically"
    ],
    "content-hash": "547fb522d45113a5bfebf38c5436d60a",
    "packages": [
        {
            "name": "meetsocial/swoolemq",
            "version": "dev-master",
            "source": {
                "type": "git",
                "url": "git@192.168.1.6:meetsocial/swoolemq.git",
                "reference": "fc1d305eac03c2a4192c71e78379a593f8217e38"
            },
            "require": {
                "ext-bcmath": "*",
                "ext-mbstring": "*",
                "php": ">=5.3.0"
            },
            "replace": {
                "videlalvaro/php-amqplib": "self.version"
            },
            "require-dev": {
                "phpdocumentor/phpdocumentor": "^2.9",
                "phpunit/phpunit": "^4.8",
                "scrutinizer/ocular": "^1.1",
                "squizlabs/php_codesniffer": "^2.5"
            },
            "suggest": {
                "ext-sockets": "Use AMQPSocketConnection"
            },
            "type": "library",
            "extra": {
                "branch-alias": {
                    "dev-master": "2.7-dev"
                }
            },
            "autoload": {
                "psr-4": {
                    "PhpAmqpLib\\": "PhpAmqpLib/"
                }
            },
            "autoload-dev": {
                "psr-4": {
                    "PhpAmqpLib\\Tests\\Functional\\": "tests/Functional",
                    "PhpAmqpLib\\Tests\\Unit\\": "tests/Unit"
                }
            },
            "license": [
                "LGPL-2.1-or-later"
            ],
            "authors": [
                {
                    "name": "Alvaro Videla",
                    "role": "Original Maintainer"
                },
                {
                    "name": "John Kelly",
                    "email": "johnmkelly86@gmail.com",
                    "role": "Maintainer"
                },
                {
                    "name": "Raúl Araya",
                    "email": "nubeiro@gmail.com",
                    "role": "Maintainer"
                }
            ],
            "description": "Formerly videlalvaro/php-amqplib.  This library is a pure PHP implementation of the AMQP protocol. It's been tested against RabbitMQ.",
            "homepage": "http://192.168.1.6:8088/meetsocial/swoolemq",
            "keywords": [
                "message",
                "queue",
                "rabbitmq"
            ],
            "time": "2020-08-10T06:40:32+00:00"
        }
    ],
    "packages-dev": [],
    "aliases": [],
    "minimum-stability": "stable",
    "stability-flags": {
        "meetsocial/swoolemq": 20
    },
    "prefer-stable": false,
    "prefer-lowest": false,
    "platform": [],
    "platform-dev": [],
    "plugin-api-version": "1.1.0"
}
